
Microsoft Visual Studio Solution File, Format Version 12.00
# Visual Studio Version 17
VisualStudioVersion = 17.8.34309.116
MinimumVisualStudioVersion = 10.0.40219.1
Project("{2150E333-8FDC-42A3-9474-1A3956D46DE8}") = "Test", "Test", "{6E1BEB71-6ADD-4B11-A18D-7F55445C0993}"
EndProject
Project("{9A19103F-16F7-4668-BE54-9A1E7A4F7556}") = "Net6.WebApi.Test", "Net6.WebApi.Test\Net6.WebApi.Test.csproj", "{1C1C5A51-A9D8-4C59-9415-9E757B1F3269}"
EndProject
Project("{9A19103F-16F7-4668-BE54-9A1E7A4F7556}") = "YuanRateLimiter", "YuanRateLimiter\YuanRateLimiter.csproj", "{8818805B-DBDD-4A8E-8F7C-7C1C55A0FAC6}"
EndProject
Project("{FAE04EC0-301F-11D3-BF4B-00C04F79EFBC}") = "Net5.WebApi.Test", "Net5.WebApi.Test\Net5.WebApi.Test.csproj", "{90CDDF62-39C6-4F8D-93D6-A26E79912792}"
EndProject
Global
	GlobalSection(SolutionConfigurationPlatforms) = preSolution
		Debug|Any CPU = Debug|Any CPU
		Release|Any CPU = Release|Any CPU
	EndGlobalSection
	GlobalSection(ProjectConfigurationPlatforms) = postSolution
		{1C1C5A51-A9D8-4C59-9415-9E757B1F3269}.Debug|Any CPU.ActiveCfg = Debug|Any CPU
		{1C1C5A51-A9D8-4C59-9415-9E757B1F3269}.Debug|Any CPU.Build.0 = Debug|Any CPU
		{1C1C5A51-A9D8-4C59-9415-9E757B1F3269}.Release|Any CPU.ActiveCfg = Release|Any CPU
		{1C1C5A51-A9D8-4C59-9415-9E757B1F3269}.Release|Any CPU.Build.0 = Release|Any CPU
		{8818805B-DBDD-4A8E-8F7C-7C1C55A0FAC6}.Debug|Any CPU.ActiveCfg = Debug|Any CPU
		{8818805B-DBDD-4A8E-8F7C-7C1C55A0FAC6}.Debug|Any CPU.Build.0 = Debug|Any CPU
		{8818805B-DBDD-4A8E-8F7C-7C1C55A0FAC6}.Release|Any CPU.ActiveCfg = Release|Any CPU
		{8818805B-DBDD-4A8E-8F7C-7C1C55A0FAC6}.Release|Any CPU.Build.0 = Release|Any CPU
		{90CDDF62-39C6-4F8D-93D6-A26E79912792}.Debug|Any CPU.ActiveCfg = Debug|Any CPU
		{90CDDF62-39C6-4F8D-93D6-A26E79912792}.Debug|Any CPU.Build.0 = Debug|Any CPU
		{90CDDF62-39C6-4F8D-93D6-A26E79912792}.Release|Any CPU.ActiveCfg = Release|Any CPU
		{90CDDF62-39C6-4F8D-93D6-A26E79912792}.Release|Any CPU.Build.0 = Release|Any CPU
	EndGlobalSection
	GlobalSection(SolutionProperties) = preSolution
		HideSolutionNode = FALSE
	EndGlobalSection
	GlobalSection(NestedProjects) = preSolution
		{1C1C5A51-A9D8-4C59-9415-9E757B1F3269} = {6E1BEB71-6ADD-4B11-A18D-7F55445C0993}
		{90CDDF62-39C6-4F8D-93D6-A26E79912792} = {6E1BEB71-6ADD-4B11-A18D-7F55445C0993}
	EndGlobalSection
	GlobalSection(ExtensibilityGlobals) = postSolution
		SolutionGuid = {E898283B-DE5D-4B8B-9ED8-3BFAD2B001D4}
	EndGlobalSection
EndGlobal
